{
    "_readme": [
        "This file locks the dependencies of your project to a known state",
        "Read more about it at https://getcomposer.org/doc/01-basic-usage.md#composer-lock-the-lock-file",
        "This file is @generated automatically"
    ],
    "content-hash": "361ab8e7e8f4a03f62e7a66d6c4e1a87",
    "packages": [
        {
            "name": "brycied00d/PHP-Transmission-Class",
            "version": "dev-master",
            "source": {
                "type": "git",
                "url": "https://github.com/brycied00d/PHP-Transmission-Class.git",
                "reference": "28f670791f85b347708f72ff9faeb4c8a93b79b0"
            },
            "type": "library",
            "autoload": {
                "files": [
                    "class/TransmissionRPC.class.php"
                ]
            },
            "time": "2017-10-05T17:17:35+00:00"
        },
        {
            "name": "goncalomb/asbestos",
            "version": "dev-master",
            "source": {
                "type": "git",
                "url": "https://github.com/goncalomb/asbestos.git",
                "reference": "70dcfef15e5feeb207cd038b3a5566c24de04ae9"
            },
            "dist": {
                "type": "zip",
                "url": "https://api.github.com/repos/goncalomb/asbestos/zipball/70dcfef15e5feeb207cd038b3a5566c24de04ae9",
                "reference": "70dcfef15e5feeb207cd038b3a5566c24de04ae9",
                "shasum": ""
            },
            "bin": [
                "bin/asbestos"
            ],
            "type": "library",
            "autoload": {
                "psr-4": {
                    "Asbestos\\": "asbestos/classes/"
                },
                "files": [
                    "asbestos/core.php"
                ]
            },
            "notification-url": "https://packagist.org/downloads/",
            "license": [
                "MIT"
            ],
            "authors": [
                {
                    "name": "Gonçalo Baltazar",
                    "email": "hello@goncalomb.com"
                }
            ],
            "description": "A small framework for creating web applications in PHP.",
            "time": "2018-03-10T23:14:52+00:00"
        }
    ],
    "packages-dev": [],
    "aliases": [],
    "minimum-stability": "stable",
    "stability-flags": {
        "goncalomb/asbestos": 20,
        "brycied00d/php-transmission-class": 20
    },
    "prefer-stable": false,
    "prefer-lowest": false,
    "platform": [],
    "platform-dev": []
}
